
Microsoft Visual Studio Solution File, Format Version 12.00
# Visual Studio Version 16
VisualStudioVersion = 16.0.30907.101
MinimumVisualStudioVersion = 10.0.40219.1
Project("{FAE04EC0-301F-11D3-BF4B-00C04F79EFBC}") = "LocadorafilmesMVC", "LocadorafilmesMVC.csproj", "{F4EB3960-8355-44DA-880F-C5A8B877FB3C}"
EndProject
Global
	GlobalSection(SolutionConfigurationPlatforms) = preSolution
		Debug|Any CPU = Debug|Any CPU
		Release|Any CPU = Release|Any CPU
	EndGlobalSection
	GlobalSection(ProjectConfigurationPlatforms) = postSolution
		{F4EB3960-8355-44DA-880F-C5A8B877FB3C}.Debug|Any CPU.ActiveCfg = Debug|Any CPU
		{F4EB3960-8355-44DA-880F-C5A8B877FB3C}.Debug|Any CPU.Build.0 = Debug|Any CPU
		{F4EB3960-8355-44DA-880F-C5A8B877FB3C}.Release|Any CPU.ActiveCfg = Release|Any CPU
		{F4EB3960-8355-44DA-880F-C5A8B877FB3C}.Release|Any CPU.Build.0 = Release|Any CPU
	EndGlobalSection
	GlobalSection(SolutionProperties) = preSolution
		HideSolutionNode = FALSE
	EndGlobalSection
	GlobalSection(ExtensibilityGlobals) = postSolution
		SolutionGuid = {9955EE78-9839-4CB4-9E17-B94388838C90}
	EndGlobalSection
EndGlobal
